
Microsoft Visual Studio Solution File, Format Version 12.00
# Visual Studio 15
VisualStudioVersion = 15.0.27130.2027
MinimumVisualStudioVersion = 10.0.40219.1
Project("{FAE04EC0-301F-11D3-BF4B-00C04F79EFBC}") = "EpplusTest", "EpplusTest\EpplusTest.csproj", "{FD420296-EB52-454C-9AAB-F4D24A59353D}"
EndProject
Global
	GlobalSection(SolutionConfigurationPlatforms) = preSolution
		Debug|Any CPU = Debug|Any CPU
		Release|Any CPU = Release|Any CPU
	EndGlobalSection
	GlobalSection(ProjectConfigurationPlatforms) = postSolution
		{FD420296-EB52-454C-9AAB-F4D24A59353D}.Debug|Any CPU.ActiveCfg = Debug|Any CPU
		{FD420296-EB52-454C-9AAB-F4D24A59353D}.Debug|Any CPU.Build.0 = Debug|Any CPU
		{FD420296-EB52-454C-9AAB-F4D24A59353D}.Release|Any CPU.ActiveCfg = Release|Any CPU
		{FD420296-EB52-454C-9AAB-F4D24A59353D}.Release|Any CPU.Build.0 = Release|Any CPU
	EndGlobalSection
	GlobalSection(SolutionProperties) = preSolution
		HideSolutionNode = FALSE
	EndGlobalSection
	GlobalSection(ExtensibilityGlobals) = postSolution
		SolutionGuid = {618289F5-932D-452E-8886-CEE6E052B1D7}
	EndGlobalSection
EndGlobal
